
Microsoft Visual Studio Solution File, Format Version 12.00
# Visual Studio 15
VisualStudioVersion = 15.0.27703.2018
MinimumVisualStudioVersion = 10.0.40219.1
Project("{FAE04EC0-301F-11D3-BF4B-00C04F79EFBC}") = "UpConsoleApp", "UpConsoleApp\UpConsoleApp.csproj", "{95780CF2-EA0D-4B43-BFC1-B79B9847437A}"
EndProject
Global
	GlobalSection(SolutionConfigurationPlatforms) = preSolution
		Debug|Any CPU = Debug|Any CPU
		Release|Any CPU = Release|Any CPU
	EndGlobalSection
	GlobalSection(ProjectConfigurationPlatforms) = postSolution
		{95780CF2-EA0D-4B43-BFC1-B79B9847437A}.Debug|Any CPU.ActiveCfg = Debug|Any CPU
		{95780CF2-EA0D-4B43-BFC1-B79B9847437A}.Debug|Any CPU.Build.0 = Debug|Any CPU
		{95780CF2-EA0D-4B43-BFC1-B79B9847437A}.Release|Any CPU.ActiveCfg = Release|Any CPU
		{95780CF2-EA0D-4B43-BFC1-B79B9847437A}.Release|Any CPU.Build.0 = Release|Any CPU
	EndGlobalSection
	GlobalSection(SolutionProperties) = preSolution
		HideSolutionNode = FALSE
	EndGlobalSection
	GlobalSection(ExtensibilityGlobals) = postSolution
		SolutionGuid = {CC2BD130-2CDE-4BA7-96B6-6C4B95965EC5}
	EndGlobalSection
EndGlobal
